// !$*UTF8*$!
{
	archiveVersion = 1;
	classes = {
	};
	objectVersion = 46;
	objects = {

/* Begin PBXBuildFile section */
		BE68915D8632E4B8D583F9AE /* libPods.a in Frameworks */ = {isa = PBXBuildFile; fileRef = 7A87F146351FEB7F79808FAF /* libPods.a */; };
		CA1B12251AB627EB0031106F /* main.m in Sources */ = {isa = PBXBuildFile; fileRef = CA1B12241AB627EB0031106F /* main.m */; };
		CA1B12281AB627EB0031106F /* AppDelegate.m in Sources */ = {isa = PBXBuildFile; fileRef = CA1B12271AB627EB0031106F /* AppDelegate.m */; };
		CA1B122B1AB627EB0031106F /* ViewController.m in Sources */ = {isa = PBXBuildFile; fileRef = CA1B122A1AB627EB0031106F /* ViewController.m */; };
		CA1B122E1AB627EB0031106F /* Main.storyboard in Resources */ = {isa = PBXBuildFile; fileRef = CA1B122C1AB627EB0031106F /* Main.storyboard */; };
		CA1B12301AB627EB0031106F /* Images.xcassets in Resources */ = {isa = PBXBuildFile; fileRef = CA1B122F1AB627EB0031106F /* Images.xcassets */; };
		CA1B12331AB627EB0031106F /* LaunchScreen.xib in Resources */ = {isa = PBXBuildFile; fileRef = CA1B12311AB627EB0031106F /* LaunchScreen.xib */; };
		CA1B123F1AB627EC0031106F /* iOSNotificationCenterTests.m in Sources */ = {isa = PBXBuildFile; fileRef = CA1B123E1AB627EC0031106F /* iOSNotificationCenterTests.m */; };
		CA1B124B1AB631AA0031106F /* MenuViewController.m in Sources */ = {isa = PBXBuildFile; fileRef = CA1B124A1AB631AA0031106F /* MenuViewController.m */; };
		CA3848671AB643B200EC40D9 /* ContentViewController.m in Sources */ = {isa = PBXBuildFile; fileRef = CA3848661AB643B200EC40D9 /* ContentViewController.m */; };
		CA38486A1AB643C100EC40D9 /* LeftViewController.m in Sources */ = {isa = PBXBuildFile; fileRef = CA3848691AB643C100EC40D9 /* LeftViewController.m */; };
		CA38486D1AB643D200EC40D9 /* RightViewController.m in Sources */ = {isa = PBXBuildFile; fileRef = CA38486C1AB643D200EC40D9 /* RightViewController.m */; };
		CA3848761AB66F2400EC40D9 /* NotificationHelper.m in Sources */ = {isa = PBXBuildFile; fileRef = CA3848751AB66F2400EC40D9 /* NotificationHelper.m */; };
/* End PBXBuildFile section */

/* Begin PBXContainerItemProxy section */
		CA1B12391AB627EB0031106F /* PBXContainerItemProxy */ = {
			isa = PBXContainerItemProxy;
			containerPortal = CA1B12171AB627EB0031106F /* Project object */;
			proxyType = 1;
			remoteGlobalIDString = CA1B121E1AB627EB0031106F;
			remoteInfo = iOSNotificationCenter;
		};
/* End PBXContainerItemProxy section */

/* Begin PBXFileReference section */
		6A75551F5FA78186A8875907 /* Pods.release.xcconfig */ = {isa = PBXFileReference; includeInIndex = 1; lastKnownFileType = text.xcconfig; name = Pods.release.xcconfig; path = "Pods/Target Support Files/Pods/Pods.release.xcconfig"; sourceTree = "<group>"; };
		7A87F146351FEB7F79808FAF /* libPods.a */ = {isa = PBXFileReference; explicitFileType = archive.ar; includeInIndex = 0; path = libPods.a; sourceTree = BUILT_PRODUCTS_DIR; };
		CA1B121F1AB627EB0031106F /* iOSNotificationCenter.app */ = {isa = PBXFileReference; explicitFileType = wrapper.application; includeInIndex = 0; path = iOSNotificationCenter.app; sourceTree = BUILT_PRODUCTS_DIR; };
		CA1B12231AB627EB0031106F /* Info.plist */ = {isa = PBXFileReference; lastKnownFileType = text.plist.xml; path = Info.plist; sourceTree = "<group>"; };
		CA1B12241AB627EB0031106F /* main.m */ = {isa = PBXFileReference; lastKnownFileType = sourcecode.c.objc; path = main.m; sourceTree = "<group>"; };
		CA1B12261AB627EB0031106F /* AppDelegate.h */ = {isa = PBXFileReference; lastKnownFileType = sourcecode.c.h; path = AppDelegate.h; sourceTree = "<group>"; };
		CA1B12271AB627EB0031106F /* AppDelegate.m */ = {isa = PBXFileReference; lastKnownFileType = sourcecode.c.objc; path = AppDelegate.m; sourceTree = "<group>"; };
		CA1B12291AB627EB0031106F /* ViewController.h */ = {isa = PBXFileReference; lastKnownFileType = sourcecode.c.h; path = ViewController.h; sourceTree = "<group>"; };
		CA1B122A1AB627EB0031106F /* ViewController.m */ = {isa = PBXFileReference; lastKnownFileType = sourcecode.c.objc; path = ViewController.m; sourceTree = "<group>"; };
		CA1B122D1AB627EB0031106F /* Base */ = {isa = PBXFileReference; lastKnownFileType = file.storyboard; name = Base; path = Base.lproj/Main.storyboard; sourceTree = "<group>"; };
		CA1B122F1AB627EB0031106F /* Images.xcassets */ = {isa = PBXFileReference; lastKnownFileType = folder.assetcatalog; path = Images.xcassets; sourceTree = "<group>"; };
		CA1B12321AB627EB0031106F /* Base */ = {isa = PBXFileReference; lastKnownFileType = file.xib; name = Base; path = Base.lproj/LaunchScreen.xib; sourceTree = "<group>"; };
		CA1B12381AB627EB0031106F /* iOSNotificationCenterTests.xctest */ = {isa = PBXFileReference; explicitFileType = wrapper.cfbundle; includeInIndex = 0; path = iOSNotificationCenterTests.xctest; sourceTree = BUILT_PRODUCTS_DIR; };
		CA1B123D1AB627EB0031106F /* Info.plist */ = {isa = PBXFileReference; lastKnownFileType = text.plist.xml; path = Info.plist; sourceTree = "<group>"; };
		CA1B123E1AB627EC0031106F /* iOSNotificationCenterTests.m */ = {isa = PBXFileReference; lastKnownFileType = sourcecode.c.objc; path = iOSNotificationCenterTests.m; sourceTree = "<group>"; };
		CA1B12491AB631AA0031106F /* MenuViewController.h */ = {isa = PBXFileReference; fileEncoding = 4; lastKnownFileType = sourcecode.c.h; path = MenuViewController.h; sourceTree = "<group>"; };
		CA1B124A1AB631AA0031106F /* MenuViewController.m */ = {isa = PBXFileReference; fileEncoding = 4; lastKnownFileType = sourcecode.c.objc; path = MenuViewController.m; sourceTree = "<group>"; };
		CA3848651AB643B200EC40D9 /* ContentViewController.h */ = {isa = PBXFileReference; fileEncoding = 4; lastKnownFileType = sourcecode.c.h; path = ContentViewController.h; sourceTree = "<group>"; };
		CA3848661AB643B200EC40D9 /* ContentViewController.m */ = {isa = PBXFileReference; fileEncoding = 4; lastKnownFileType = sourcecode.c.objc; path = ContentViewController.m; sourceTree = "<group>"; };
		CA3848681AB643C100EC40D9 /* LeftViewController.h */ = {isa = PBXFileReference; fileEncoding = 4; lastKnownFileType = sourcecode.c.h; path = LeftViewController.h; sourceTree = "<group>"; };
		CA3848691AB643C100EC40D9 /* LeftViewController.m */ = {isa = PBXFileReference; fileEncoding = 4; lastKnownFileType = sourcecode.c.objc; path = LeftViewController.m; sourceTree = "<group>"; };
		CA38486B1AB643D200EC40D9 /* RightViewController.h */ = {isa = PBXFileReference; fileEncoding = 4; lastKnownFileType = sourcecode.c.h; path = RightViewController.h; sourceTree = "<group>"; };
		CA38486C1AB643D200EC40D9 /* RightViewController.m */ = {isa = PBXFileReference; fileEncoding = 4; lastKnownFileType = sourcecode.c.objc; path = RightViewController.m; sourceTree = "<group>"; };
		CA38486E1AB6465400EC40D9 /* iOSNotificationCenter-Perfix.pch */ = {isa = PBXFileReference; lastKnownFileType = sourcecode.c.h; path = "iOSNotificationCenter-Perfix.pch"; sourceTree = "<group>"; };
		CA38486F1AB649B600EC40D9 /* Constants.h */ = {isa = PBXFileReference; lastKnownFileType = sourcecode.c.h; path = Constants.h; sourceTree = "<group>"; };
		CA3848741AB66F2400EC40D9 /* NotificationHelper.h */ = {isa = PBXFileReference; fileEncoding = 4; lastKnownFileType = sourcecode.c.h; path = NotificationHelper.h; sourceTree = "<group>"; };
		CA3848751AB66F2400EC40D9 /* NotificationHelper.m */ = {isa = PBXFileReference; fileEncoding = 4; lastKnownFileType = sourcecode.c.objc; path = NotificationHelper.m; sourceTree = "<group>"; };
		E0D3EA0BAAE253FC27B7EF47 /* Pods.debug.xcconfig */ = {isa = PBXFileReference; includeInIndex = 1; lastKnownFileType = text.xcconfig; name = Pods.debug.xcconfig; path = "Pods/Target Support Files/Pods/Pods.debug.xcconfig"; sourceTree = "<group>"; };
/* End PBXFileReference section */

/* Begin PBXFrameworksBuildPhase section */
		CA1B121C1AB627EB0031106F /* Frameworks */ = {
			isa = PBXFrameworksBuildPhase;
			buildActionMask = 2147483647;
			files = (
				BE68915D8632E4B8D583F9AE /* libPods.a in Frameworks */,
			);
			runOnlyForDeploymentPostprocessing = 0;
		};
		CA1B12351AB627EB0031106F /* Frameworks */ = {
			isa = PBXFrameworksBuildPhase;
			buildActionMask = 2147483647;
			files = (
			);
			runOnlyForDeploymentPostprocessing = 0;
		};
/* End PBXFrameworksBuildPhase section */

/* Begin PBXGroup section */
		0EB52249BB0EA8180A9271D1 /* Pods */ = {
			isa = PBXGroup;
			children = (
				E0D3EA0BAAE253FC27B7EF47 /* Pods.debug.xcconfig */,
				6A75551F5FA78186A8875907 /* Pods.release.xcconfig */,
			);
			name = Pods;
			sourceTree = "<group>";
		};
		C818969FABB4094B58FAD206 /* Frameworks */ = {
			isa = PBXGroup;
			children = (
				7A87F146351FEB7F79808FAF /* libPods.a */,
			);
			name = Frameworks;
			sourceTree = "<group>";
		};
		CA1B12161AB627EB0031106F = {
			isa = PBXGroup;
			children = (
				CA1B12211AB627EB0031106F /* iOSNotificationCenter */,
				CA1B123B1AB627EB0031106F /* iOSNotificationCenterTests */,
				CA1B12201AB627EB0031106F /* Products */,
				0EB52249BB0EA8180A9271D1 /* Pods */,
				C818969FABB4094B58FAD206 /* Frameworks */,
			);
			sourceTree = "<group>";
		};
		CA1B12201AB627EB0031106F /* Products */ = {
			isa = PBXGroup;
			children = (
				CA1B121F1AB627EB0031106F /* iOSNotificationCenter.app */,
				CA1B12381AB627EB0031106F /* iOSNotificationCenterTests.xctest */,
			);
			name = Products;
			sourceTree = "<group>";
		};
		CA1B12211AB627EB0031106F /* iOSNotificationCenter */ = {
			isa = PBXGroup;
			children = (
				CA1B12481AB631960031106F /* ViewControllers */,
				CA1B12261AB627EB0031106F /* AppDelegate.h */,
				CA1B12271AB627EB0031106F /* AppDelegate.m */,
				CA1B12291AB627EB0031106F /* ViewController.h */,
				CA1B122A1AB627EB0031106F /* ViewController.m */,
				CA1B122C1AB627EB0031106F /* Main.storyboard */,
				CA1B122F1AB627EB0031106F /* Images.xcassets */,
				CA1B12311AB627EB0031106F /* LaunchScreen.xib */,
				CA1B12221AB627EB0031106F /* Supporting Files */,
				CA38486F1AB649B600EC40D9 /* Constants.h */,
				CA3848741AB66F2400EC40D9 /* NotificationHelper.h */,
				CA3848751AB66F2400EC40D9 /* NotificationHelper.m */,
			);
			path = iOSNotificationCenter;
			sourceTree = "<group>";
		};
		CA1B12221AB627EB0031106F /* Supporting Files */ = {
			isa = PBXGroup;
			children = (
				CA1B12231AB627EB0031106F /* Info.plist */,
				CA1B12241AB627EB0031106F /* main.m */,
				CA38486E1AB6465400EC40D9 /* iOSNotificationCenter-Perfix.pch */,
			);
			name = "Supporting Files";
			sourceTree = "<group>";
		};
		CA1B123B1AB627EB0031106F /* iOSNotificationCenterTests */ = {
			isa = PBXGroup;
			children = (
				CA1B123E1AB627EC0031106F /* iOSNotificationCenterTests.m */,
				CA1B123C1AB627EB0031106F /* Supporting Files */,
			);
			path = iOSNotificationCenterTests;
			sourceTree = "<group>";
		};
		CA1B123C1AB627EB0031106F /* Supporting Files */ = {
			isa = PBXGroup;
			children = (
				CA1B123D1AB627EB0031106F /* Info.plist */,
			);
			name = "Supporting Files";
			sourceTree = "<group>";
		};
		CA1B12481AB631960031106F /* ViewControllers */ = {
			isa = PBXGroup;
			children = (
				CA1B12491AB631AA0031106F /* MenuViewController.h */,
				CA1B124A1AB631AA0031106F /* MenuViewController.m */,
				CA3848651AB643B200EC40D9 /* ContentViewController.h */,
				CA3848661AB643B200EC40D9 /* ContentViewController.m */,
				CA3848681AB643C100EC40D9 /* LeftViewController.h */,
				CA3848691AB643C100EC40D9 /* LeftViewController.m */,
				CA38486B1AB643D200EC40D9 /* RightViewController.h */,
				CA38486C1AB643D200EC40D9 /* RightViewController.m */,
			);
			name = ViewControllers;
			sourceTree = "<group>";
		};
/* End PBXGroup section */

/* Begin PBXNativeTarget section */
		CA1B121E1AB627EB0031106F /* iOSNotificationCenter */ = {
			isa = PBXNativeTarget;
			buildConfigurationList = CA1B12421AB627EC0031106F /* Build configuration list for PBXNativeTarget "iOSNotificationCenter" */;
			buildPhases = (
				43FEBC55075EEBF0BF87592E /* Check Pods Manifest.lock */,
				CA1B121B1AB627EB0031106F /* Sources */,
				CA1B121C1AB627EB0031106F /* Frameworks */,
				CA1B121D1AB627EB0031106F /* Resources */,
				8A3390F5B3AB81108D92B0BE /* Copy Pods Resources */,
				6359530D9B3E6EA1CFFF910C /* Embed Pods Frameworks */,
			);
			buildRules = (
			);
			dependencies = (
			);
			name = iOSNotificationCenter;
			productName = iOSNotificationCenter;
			productReference = CA1B121F1AB627EB0031106F /* iOSNotificationCenter.app */;
			productType = "com.apple.product-type.application";
		};
		CA1B12371AB627EB0031106F /* iOSNotificationCenterTests */ = {
			isa = PBXNativeTarget;
			buildConfigurationList = CA1B12451AB627EC0031106F /* Build configuration list for PBXNativeTarget "iOSNotificationCenterTests" */;
			buildPhases = (
				CA1B12341AB627EB0031106F /* Sources */,
				CA1B12351AB627EB0031106F /* Frameworks */,
				CA1B12361AB627EB0031106F /* Resources */,
			);
			buildRules = (
			);
			dependencies = (
				CA1B123A1AB627EB0031106F /* PBXTargetDependency */,
			);
			name = iOSNotificationCenterTests;
			productName = iOSNotificationCenterTests;
			productReference = CA1B12381AB627EB0031106F /* iOSNotificationCenterTests.xctest */;
			productType = "com.apple.product-type.bundle.unit-test";
		};
/* End PBXNativeTarget section */

/* Begin PBXProject section */
		CA1B12171AB627EB0031106F /* Project object */ = {
			isa = PBXProject;
			attributes = {
				LastUpgradeCheck = 0610;
				ORGANIZATIONNAME = "Emiliano Eloi";
				TargetAttributes = {
					CA1B121E1AB627EB0031106F = {
						CreatedOnToolsVersion = 6.1.1;
					};
					CA1B12371AB627EB0031106F = {
						CreatedOnToolsVersion = 6.1.1;
						TestTargetID = CA1B121E1AB627EB0031106F;
					};
				};
			};
			buildConfigurationList = CA1B121A1AB627EB0031106F /* Build configuration list for PBXProject "iOSNotificationCenter" */;
			compatibilityVersion = "Xcode 3.2";
			developmentRegion = English;
			hasScannedForEncodings = 0;
			knownRegions = (
				en,
				Base,
			);
			mainGroup = CA1B12161AB627EB0031106F;
			productRefGroup = CA1B12201AB627EB0031106F /* Products */;
			projectDirPath = "";
			projectRoot = "";
			targets = (
				CA1B121E1AB627EB0031106F /* iOSNotificationCenter */,
				CA1B12371AB627EB0031106F /* iOSNotificationCenterTests */,
			);
		};
/* End PBXProject section */

/* Begin PBXResourcesBuildPhase section */
		CA1B121D1AB627EB0031106F /* Resources */ = {
			isa = PBXResourcesBuildPhase;
			buildActionMask = 2147483647;
			files = (
				CA1B122E1AB627EB0031106F /* Main.storyboard in Resources */,
				CA1B12331AB627EB0031106F /* LaunchScreen.xib in Resources */,
				CA1B12301AB627EB0031106F /* Images.xcassets in Resources */,
			);
			runOnlyForDeploymentPostprocessing = 0;
		};
		CA1B12361AB627EB0031106F /* Resources */ = {
			isa = PBXResourcesBuildPhase;
			buildActionMask = 2147483647;
			files = (
			);
			runOnlyForDeploymentPostprocessing = 0;
		};
/* End PBXResourcesBuildPhase section */

/* Begin PBXShellScriptBuildPhase section */
		43FEBC55075EEBF0BF87592E /* Check Pods Manifest.lock */ = {
			isa = PBXShellScriptBuildPhase;
			buildActionMask = 2147483647;
			files = (
			);
			inputPaths = (
			);
			name = "Check Pods Manifest.lock";
			outputPaths = (
			);
			runOnlyForDeploymentPostprocessing = 0;
			shellPath = /bin/sh;
			shellScript = "diff \"${PODS_ROOT}/../Podfile.lock\" \"${PODS_ROOT}/Manifest.lock\" > /dev/null\nif [[ $? != 0 ]] ; then\n    cat << EOM\nerror: The sandbox is not in sync with the Podfile.lock. Run 'pod install' or update your CocoaPods installation.\nEOM\n    exit 1\nfi\n";
			showEnvVarsInLog = 0;
		};
		6359530D9B3E6EA1CFFF910C /* Embed Pods Frameworks */ = {
			isa = PBXShellScriptBuildPhase;
			buildActionMask = 2147483647;
			files = (
			);
			inputPaths = (
			);
			name = "Embed Pods Frameworks";
			outputPaths = (
			);
			runOnlyForDeploymentPostprocessing = 0;
			shellPath = /bin/sh;
			shellScript = "\"${SRCROOT}/Pods/Target Support Files/Pods/Pods-frameworks.sh\"\n";
			showEnvVarsInLog = 0;
		};
		8A3390F5B3AB81108D92B0BE /* Copy Pods Resources */ = {
			isa = PBXShellScriptBuildPhase;
			buildActionMask = 2147483647;
			files = (
			);
			inputPaths = (
			);
			name = "Copy Pods Resources";
			outputPaths = (
			);
			runOnlyForDeploymentPostprocessing = 0;
			shellPath = /bin/sh;
			shellScript = "\"${SRCROOT}/Pods/Target Support Files/Pods/Pods-resources.sh\"\n";
			showEnvVarsInLog = 0;
		};
/* End PBXShellScriptBuildPhase section */

/* Begin PBXSourcesBuildPhase section */
		CA1B121B1AB627EB0031106F /* Sources */ = {
			isa = PBXSourcesBuildPhase;
			buildActionMask = 2147483647;
			files = (
				CA38486D1AB643D200EC40D9 /* RightViewController.m in Sources */,
				CA1B122B1AB627EB0031106F /* ViewController.m in Sources */,
				CA3848671AB643B200EC40D9 /* ContentViewController.m in Sources */,
				CA1B12281AB627EB0031106F /* AppDelegate.m in Sources */,
				CA38486A1AB643C100EC40D9 /* LeftViewController.m in Sources */,
				CA1B12251AB627EB0031106F /* main.m in Sources */,
				CA3848761AB66F2400EC40D9 /* NotificationHelper.m in Sources */,
				CA1B124B1AB631AA0031106F /* MenuViewController.m in Sources */,
			);
			runOnlyForDeploymentPostprocessing = 0;
		};
		CA1B12341AB627EB0031106F /* Sources */ = {
			isa = PBXSourcesBuildPhase;
			buildActionMask = 2147483647;
			files = (
				CA1B123F1AB627EC0031106F /* iOSNotificationCenterTests.m in Sources */,
			);
			runOnlyForDeploymentPostprocessing = 0;
		};
/* End PBXSourcesBuildPhase section */

/* Begin PBXTargetDependency section */
		CA1B123A1AB627EB0031106F /* PBXTargetDependency */ = {
			isa = PBXTargetDependency;
			target = CA1B121E1AB627EB0031106F /* iOSNotificationCenter */;
			targetProxy = CA1B12391AB627EB0031106F /* PBXContainerItemProxy */;
		};
/* End PBXTargetDependency section */

/* Begin PBXVariantGroup section */
		CA1B122C1AB627EB0031106F /* Main.storyboard */ = {
			isa = PBXVariantGroup;
			children = (
				CA1B122D1AB627EB0031106F /* Base */,
			);
			name = Main.storyboard;
			sourceTree = "<group>";
		};
		CA1B12311AB627EB0031106F /* LaunchScreen.xib */ = {
			isa = PBXVariantGroup;
			children = (
				CA1B12321AB627EB0031106F /* Base */,
			);
			name = LaunchScreen.xib;
			sourceTree = "<group>";
		};
/* End PBXVariantGroup section */

/* Begin XCBuildConfiguration section */
		CA1B12401AB627EC0031106F /* Debug */ = {
			isa = XCBuildConfiguration;
			buildSettings = {
				ALWAYS_SEARCH_USER_PATHS = NO;
				CLANG_CXX_LANGUAGE_STANDARD = "gnu++0x";
				CLANG_CXX_LIBRARY = "libc++";
				CLANG_ENABLE_MODULES = YES;
				CLANG_ENABLE_OBJC_ARC = YES;
				CLANG_WARN_BOOL_CONVERSION = YES;
				CLANG_WARN_CONSTANT_CONVERSION = YES;
				CLANG_WARN_DIRECT_OBJC_ISA_USAGE = YES_ERROR;
				CLANG_WARN_EMPTY_BODY = YES;
				CLANG_WARN_ENUM_CONVERSION = YES;
				CLANG_WARN_INT_CONVERSION = YES;
				CLANG_WARN_OBJC_ROOT_CLASS = YES_ERROR;
				CLANG_WARN_UNREACHABLE_CODE = YES;
				CLANG_WARN__DUPLICATE_METHOD_MATCH = YES;
				"CODE_SIGN_IDENTITY[sdk=iphoneos*]" = "iPhone Developer";
				COPY_PHASE_STRIP = NO;
				ENABLE_STRICT_OBJC_MSGSEND = YES;
				GCC_C_LANGUAGE_STANDARD = gnu99;
				GCC_DYNAMIC_NO_PIC = NO;
				GCC_OPTIMIZATION_LEVEL = 0;
				GCC_PREPROCESSOR_DEFINITIONS = (
					"DEBUG=1",
					"$(inherited)",
				);
				GCC_SYMBOLS_PRIVATE_EXTERN = NO;
				GCC_WARN_64_TO_32_BIT_CONVERSION = YES;
				GCC_WARN_ABOUT_RETURN_TYPE = YES_ERROR;
				GCC_WARN_UNDECLARED_SELECTOR = YES;
				GCC_WARN_UNINITIALIZED_AUTOS = YES_AGGRESSIVE;
				GCC_WARN_UNUSED_FUNCTION = YES;
				GCC_WARN_UNUSED_VARIABLE = YES;
				IPHONEOS_DEPLOYMENT_TARGET = 8.1;
				MTL_ENABLE_DEBUG_INFO = YES;
				ONLY_ACTIVE_ARCH = YES;
				SDKROOT = iphoneos;
				TARGETED_DEVICE_FAMILY = "1,2";
			};
			name = Debug;
		};
		CA1B12411AB627EC0031106F /* Release */ = {
			isa = XCBuildConfiguration;
			buildSettings = {
				ALWAYS_SEARCH_USER_PATHS = NO;
				CLANG_CXX_LANGUAGE_STANDARD = "gnu++0x";
				CLANG_CXX_LIBRARY = "libc++";
				CLANG_ENABLE_MODULES = YES;
				CLANG_ENABLE_OBJC_ARC = YES;
				CLANG_WARN_BOOL_CONVERSION = YES;
				CLANG_WARN_CONSTANT_CONVERSION = YES;
				CLANG_WARN_DIRECT_OBJC_ISA_USAGE = YES_ERROR;
				CLANG_WARN_EMPTY_BODY = YES;
				CLANG_WARN_ENUM_CONVERSION = YES;
				CLANG_WARN_INT_CONVERSION = YES;
				CLANG_WARN_OBJC_ROOT_CLASS = YES_ERROR;
				CLANG_WARN_UNREACHABLE_CODE = YES;
				CLANG_WARN__DUPLICATE_METHOD_MATCH = YES;
				"CODE_SIGN_IDENTITY[sdk=iphoneos*]" = "iPhone Developer";
				COPY_PHASE_STRIP = YES;
				ENABLE_NS_ASSERTIONS = NO;
				ENABLE_STRICT_OBJC_MSGSEND = YES;
				GCC_C_LANGUAGE_STANDARD = gnu99;
				GCC_WARN_64_TO_32_BIT_CONVERSION = YES;
				GCC_WARN_ABOUT_RETURN_TYPE = YES_ERROR;
				GCC_WARN_UNDECLARED_SELECTOR = YES;
				GCC_WARN_UNINITIALIZED_AUTOS = YES_AGGRESSIVE;
				GCC_WARN_UNUSED_FUNCTION = YES;
				GCC_WARN_UNUSED_VARIABLE = YES;
				IPHONEOS_DEPLOYMENT_TARGET = 8.1;
				MTL_ENABLE_DEBUG_INFO = NO;
				SDKROOT = iphoneos;
				TARGETED_DEVICE_FAMILY = "1,2";
				VALIDATE_PRODUCT = YES;
			};
			name = Release;
		};
		CA1B12431AB627EC0031106F /* Debug */ = {
			isa = XCBuildConfiguration;
			baseConfigurationReference = E0D3EA0BAAE253FC27B7EF47 /* Pods.debug.xcconfig */;
			buildSettings = {
				ASSETCATALOG_COMPILER_APPICON_NAME = AppIcon;
				GCC_PREFIX_HEADER = "iOSNotificationCenter/iOSNotificationCenter-Perfix.pch";
				INFOPLIST_FILE = iOSNotificationCenter/Info.plist;
				IPHONEOS_DEPLOYMENT_TARGET = 7.0;
				LD_RUNPATH_SEARCH_PATHS = "$(inherited) @executable_path/Frameworks";
				PRODUCT_NAME = "$(TARGET_NAME)";
			};
			name = Debug;
		};
		CA1B12441AB627EC0031106F /* Release */ = {
			isa = XCBuildConfiguration;
			baseConfigurationReference = 6A75551F5FA78186A8875907 /* Pods.release.xcconfig */;
			buildSettings = {
				ASSETCATALOG_COMPILER_APPICON_NAME = AppIcon;
				GCC_PREFIX_HEADER = "iOSNotificationCenter/iOSNotificationCenter-Perfix.pch";
				INFOPLIST_FILE = iOSNotificationCenter/Info.plist;
				IPHONEOS_DEPLOYMENT_TARGET = 7.0;
				LD_RUNPATH_SEARCH_PATHS = "$(inherited) @executable_path/Frameworks";
				PRODUCT_NAME = "$(TARGET_NAME)";
			};
			name = Release;
		};
		CA1B12461AB627EC0031106F /* Debug */ = {
			isa = XCBuildConfiguration;
			buildSettings = {
				BUNDLE_LOADER = "$(TEST_HOST)";
				FRAMEWORK_SEARCH_PATHS = (
					"$(SDKROOT)/Developer/Library/Frameworks",
					"$(inherited)",
				);
				GCC_PREPROCESSOR_DEFINITIONS = (
					"DEBUG=1",
					"$(inherited)",
				);
				INFOPLIST_FILE = iOSNotificationCenterTests/Info.plist;
				LD_RUNPATH_SEARCH_PATHS = "$(inherited) @executable_path/Frameworks @loader_path/Frameworks";
				PRODUCT_NAME = "$(TARGET_NAME)";
				TEST_HOST = "$(BUILT_PRODUCTS_DIR)/iOSNotificationCenter.app/iOSNotificationCenter";
			};
			name = Debug;
		};
		CA1B12471AB627EC0031106F /* Release */ = {
			isa = XCBuildConfiguration;
			buildSettings = {
				BUNDLE_LOADER = "$(TEST_HOST)";
				FRAMEWORK_SEARCH_PATHS = (
					"$(SDKROOT)/Developer/Library/Frameworks",
					"$(inherited)",
				);
				INFOPLIST_FILE = iOSNotificationCenterTests/Info.plist;
				LD_RUNPATH_SEARCH_PATHS = "$(inherited) @executable_path/Frameworks @loader_path/Frameworks";
				PRODUCT_NAME = "$(TARGET_NAME)";
				TEST_HOST = "$(BUILT_PRODUCTS_DIR)/iOSNotificationCenter.app/iOSNotificationCenter";
			};
			name = Release;
		};
/* End XCBuildConfiguration section */

/* Begin XCConfigurationList section */
		CA1B121A1AB627EB0031106F /* Build configuration list for PBXProject "iOSNotificationCenter" */ = {
			isa = XCConfigurationList;
			buildConfigurations = (
				CA1B12401AB627EC0031106F /* Debug */,
				CA1B12411AB627EC0031106F /* Release */,
			);
			defaultConfigurationIsVisible = 0;
			defaultConfigurationName = Release;
		};
		CA1B12421AB627EC0031106F /* Build configuration list for PBXNativeTarget "iOSNotificationCenter" */ = {
			isa = XCConfigurationList;
			buildConfigurations = (
				CA1B12431AB627EC0031106F /* Debug */,
				CA1B12441AB627EC0031106F /* Release */,
			);
			defaultConfigurationIsVisible = 0;
			defaultConfigurationName = Release;
		};
		CA1B12451AB627EC0031106F /* Build configuration list for PBXNativeTarget "iOSNotificationCenterTests" */ = {
			isa = XCConfigurationList;
			buildConfigurations = (
				CA1B12461AB627EC0031106F /* Debug */,
				CA1B12471AB627EC0031106F /* Release */,
			);
			defaultConfigurationIsVisible = 0;
			defaultConfigurationName = Release;
		};
/* End XCConfigurationList section */
	};
	rootObject = CA1B12171AB627EB0031106F /* Project object */;
}
